// !$*UTF8*$!
{
	archiveVersion = 1;
	classes = {
	};
	objectVersion = 46;
	objects = {

/* Begin PBXBuildFile section */
		2B18E5991C7CB3C200449B15 /* AppDelegate.swift in Sources */ = {isa = PBXBuildFile; fileRef = 2B18E5981C7CB3C200449B15 /* AppDelegate.swift */; };
		2B18E59B1C7CB3C200449B15 /* ViewController.swift in Sources */ = {isa = PBXBuildFile; fileRef = 2B18E59A1C7CB3C200449B15 /* ViewController.swift */; };
		2B18E59E1C7CB3C200449B15 /* Main.storyboard in Resources */ = {isa = PBXBuildFile; fileRef = 2B18E59C1C7CB3C200449B15 /* Main.storyboard */; };
		2B18E5A11C7CB3C200449B15 /* Grability.xcdatamodeld in Sources */ = {isa = PBXBuildFile; fileRef = 2B18E59F1C7CB3C200449B15 /* Grability.xcdatamodeld */; };
		2B18E5A31C7CB3C200449B15 /* Assets.xcassets in Resources */ = {isa = PBXBuildFile; fileRef = 2B18E5A21C7CB3C200449B15 /* Assets.xcassets */; };
		2B18E5A61C7CB3C200449B15 /* LaunchScreen.storyboard in Resources */ = {isa = PBXBuildFile; fileRef = 2B18E5A41C7CB3C200449B15 /* LaunchScreen.storyboard */; };
		2B18E5B11C7CB3C200449B15 /* GrabilityTests.swift in Sources */ = {isa = PBXBuildFile; fileRef = 2B18E5B01C7CB3C200449B15 /* GrabilityTests.swift */; };
		2B18E5BC1C7CB3C200449B15 /* GrabilityUITests.swift in Sources */ = {isa = PBXBuildFile; fileRef = 2B18E5BB1C7CB3C200449B15 /* GrabilityUITests.swift */; };
/* End PBXBuildFile section */

/* Begin PBXContainerItemProxy section */
		2B18E5AD1C7CB3C200449B15 /* PBXContainerItemProxy */ = {
			isa = PBXContainerItemProxy;
			containerPortal = 2B18E58D1C7CB3C200449B15 /* Project object */;
			proxyType = 1;
			remoteGlobalIDString = 2B18E5941C7CB3C200449B15;
			remoteInfo = Grability;
		};
		2B18E5B81C7CB3C200449B15 /* PBXContainerItemProxy */ = {
			isa = PBXContainerItemProxy;
			containerPortal = 2B18E58D1C7CB3C200449B15 /* Project object */;
			proxyType = 1;
			remoteGlobalIDString = 2B18E5941C7CB3C200449B15;
			remoteInfo = Grability;
		};
/* End PBXContainerItemProxy section */

/* Begin PBXFileReference section */
		2B18E5951C7CB3C200449B15 /* Grability.app */ = {isa = PBXFileReference; explicitFileType = wrapper.application; includeInIndex = 0; path = Grability.app; sourceTree = BUILT_PRODUCTS_DIR; };
		2B18E5981C7CB3C200449B15 /* AppDelegate.swift */ = {isa = PBXFileReference; lastKnownFileType = sourcecode.swift; path = AppDelegate.swift; sourceTree = "<group>"; };
		2B18E59A1C7CB3C200449B15 /* ViewController.swift */ = {isa = PBXFileReference; lastKnownFileType = sourcecode.swift; path = ViewController.swift; sourceTree = "<group>"; };
		2B18E59D1C7CB3C200449B15 /* Base */ = {isa = PBXFileReference; lastKnownFileType = file.storyboard; name = Base; path = Base.lproj/Main.storyboard; sourceTree = "<group>"; };
		2B18E5A01C7CB3C200449B15 /* Grability.xcdatamodel */ = {isa = PBXFileReference; lastKnownFileType = wrapper.xcdatamodel; path = Grability.xcdatamodel; sourceTree = "<group>"; };
		2B18E5A21C7CB3C200449B15 /* Assets.xcassets */ = {isa = PBXFileReference; lastKnownFileType = folder.assetcatalog; path = Assets.xcassets; sourceTree = "<group>"; };
		2B18E5A51C7CB3C200449B15 /* Base */ = {isa = PBXFileReference; lastKnownFileType = file.storyboard; name = Base; path = Base.lproj/LaunchScreen.storyboard; sourceTree = "<group>"; };
		2B18E5A71C7CB3C200449B15 /* Info.plist */ = {isa = PBXFileReference; lastKnownFileType = text.plist.xml; path = Info.plist; sourceTree = "<group>"; };
		2B18E5AC1C7CB3C200449B15 /* GrabilityTests.xctest */ = {isa = PBXFileReference; explicitFileType = wrapper.cfbundle; includeInIndex = 0; path = GrabilityTests.xctest; sourceTree = BUILT_PRODUCTS_DIR; };
		2B18E5B01C7CB3C200449B15 /* GrabilityTests.swift */ = {isa = PBXFileReference; lastKnownFileType = sourcecode.swift; path = GrabilityTests.swift; sourceTree = "<group>"; };
		2B18E5B21C7CB3C200449B15 /* Info.plist */ = {isa = PBXFileReference; lastKnownFileType = text.plist.xml; path = Info.plist; sourceTree = "<group>"; };
		2B18E5B71C7CB3C200449B15 /* GrabilityUITests.xctest */ = {isa = PBXFileReference; explicitFileType = wrapper.cfbundle; includeInIndex = 0; path = GrabilityUITests.xctest; sourceTree = BUILT_PRODUCTS_DIR; };
		2B18E5BB1C7CB3C200449B15 /* GrabilityUITests.swift */ = {isa = PBXFileReference; lastKnownFileType = sourcecode.swift; path = GrabilityUITests.swift; sourceTree = "<group>"; };
		2B18E5BD1C7CB3C200449B15 /* Info.plist */ = {isa = PBXFileReference; lastKnownFileType = text.plist.xml; path = Info.plist; sourceTree = "<group>"; };
/* End PBXFileReference section */

/* Begin PBXFrameworksBuildPhase section */
		2B18E5921C7CB3C200449B15 /* Frameworks */ = {
			isa = PBXFrameworksBuildPhase;
			buildActionMask = 2147483647;
			files = (
			);
			runOnlyForDeploymentPostprocessing = 0;
		};
		2B18E5A91C7CB3C200449B15 /* Frameworks */ = {
			isa = PBXFrameworksBuildPhase;
			buildActionMask = 2147483647;
			files = (
			);
			runOnlyForDeploymentPostprocessing = 0;
		};
		2B18E5B41C7CB3C200449B15 /* Frameworks */ = {
			isa = PBXFrameworksBuildPhase;
			buildActionMask = 2147483647;
			files = (
			);
			runOnlyForDeploymentPostprocessing = 0;
		};
/* End PBXFrameworksBuildPhase section */

/* Begin PBXGroup section */
		2B18E58C1C7CB3C100449B15 = {
			isa = PBXGroup;
			children = (
				2B18E5971C7CB3C200449B15 /* Grability */,
				2B18E5AF1C7CB3C200449B15 /* GrabilityTests */,
				2B18E5BA1C7CB3C200449B15 /* GrabilityUITests */,
				2B18E5961C7CB3C200449B15 /* Products */,
			);
			sourceTree = "<group>";
		};
		2B18E5961C7CB3C200449B15 /* Products */ = {
			isa = PBXGroup;
			children = (
				2B18E5951C7CB3C200449B15 /* Grability.app */,
				2B18E5AC1C7CB3C200449B15 /* GrabilityTests.xctest */,
				2B18E5B71C7CB3C200449B15 /* GrabilityUITests.xctest */,
			);
			name = Products;
			sourceTree = "<group>";
		};
		2B18E5971C7CB3C200449B15 /* Grability */ = {
			isa = PBXGroup;
			children = (
				2B46B40F1C8223B0007F1F3E /* General */,
				2B46B4101C82248B007F1F3E /* Views */,
				2B46B40A1C822032007F1F3E /* Controllers */,
				2B46B40D1C82219C007F1F3E /* Datasources */,
				2B46B4091C821FC8007F1F3E /* Delegates */,
				2B46B40B1C8220C5007F1F3E /* Cells */,
				2B46B4111C8224E9007F1F3E /* Datastore */,
				2B46B40C1C8220CC007F1F3E /* Clients */,
				2B46B4081C821FC1007F1F3E /* Models */,
				2B46B40E1C8222AF007F1F3E /* Protocols */,
				2B18E5A21C7CB3C200449B15 /* Assets.xcassets */,
			);
			path = Grability;
			sourceTree = "<group>";
		};
		2B18E5AF1C7CB3C200449B15 /* GrabilityTests */ = {
			isa = PBXGroup;
			children = (
				2B18E5B01C7CB3C200449B15 /* GrabilityTests.swift */,
				2B18E5B21C7CB3C200449B15 /* Info.plist */,
			);
			path = GrabilityTests;
			sourceTree = "<group>";
		};
		2B18E5BA1C7CB3C200449B15 /* GrabilityUITests */ = {
			isa = PBXGroup;
			children = (
				2B18E5BB1C7CB3C200449B15 /* GrabilityUITests.swift */,
				2B18E5BD1C7CB3C200449B15 /* Info.plist */,
			);
			path = GrabilityUITests;
			sourceTree = "<group>";
		};
		2B46B4081C821FC1007F1F3E /* Models */ = {
			isa = PBXGroup;
			children = (
			);
			name = Models;
			sourceTree = "<group>";
		};
		2B46B4091C821FC8007F1F3E /* Delegates */ = {
			isa = PBXGroup;
			children = (
			);
			name = Delegates;
			sourceTree = "<group>";
		};
		2B46B40A1C822032007F1F3E /* Controllers */ = {
			isa = PBXGroup;
			children = (
				2B18E59A1C7CB3C200449B15 /* ViewController.swift */,
			);
			name = Controllers;
			sourceTree = "<group>";
		};
		2B46B40B1C8220C5007F1F3E /* Cells */ = {
			isa = PBXGroup;
			children = (
			);
			name = Cells;
			sourceTree = "<group>";
		};
		2B46B40C1C8220CC007F1F3E /* Clients */ = {
			isa = PBXGroup;
			children = (
			);
			name = Clients;
			sourceTree = "<group>";
		};
		2B46B40D1C82219C007F1F3E /* Datasources */ = {
			isa = PBXGroup;
			children = (
			);
			name = Datasources;
			sourceTree = "<group>";
		};
		2B46B40E1C8222AF007F1F3E /* Protocols */ = {
			isa = PBXGroup;
			children = (
			);
			name = Protocols;
			sourceTree = "<group>";
		};
		2B46B40F1C8223B0007F1F3E /* General */ = {
			isa = PBXGroup;
			children = (
				2B18E5981C7CB3C200449B15 /* AppDelegate.swift */,
				2B18E5A71C7CB3C200449B15 /* Info.plist */,
				2B18E59F1C7CB3C200449B15 /* Grability.xcdatamodeld */,
			);
			name = General;
			sourceTree = "<group>";
		};
		2B46B4101C82248B007F1F3E /* Views */ = {
			isa = PBXGroup;
			children = (
				2B18E5A41C7CB3C200449B15 /* LaunchScreen.storyboard */,
				2B18E59C1C7CB3C200449B15 /* Main.storyboard */,
			);
			name = Views;
			sourceTree = "<group>";
		};
		2B46B4111C8224E9007F1F3E /* Datastore */ = {
			isa = PBXGroup;
			children = (
			);
			name = Datastore;
			sourceTree = "<group>";
		};
/* End PBXGroup section */

/* Begin PBXNativeTarget section */
		2B18E5941C7CB3C200449B15 /* Grability */ = {
			isa = PBXNativeTarget;
			buildConfigurationList = 2B18E5C01C7CB3C200449B15 /* Build configuration list for PBXNativeTarget "Grability" */;
			buildPhases = (
				2B18E5911C7CB3C200449B15 /* Sources */,
				2B18E5921C7CB3C200449B15 /* Frameworks */,
				2B18E5931C7CB3C200449B15 /* Resources */,
			);
			buildRules = (
			);
			dependencies = (
			);
			name = Grability;
			productName = Grability;
			productReference = 2B18E5951C7CB3C200449B15 /* Grability.app */;
			productType = "com.apple.product-type.application";
		};
		2B18E5AB1C7CB3C200449B15 /* GrabilityTests */ = {
			isa = PBXNativeTarget;
			buildConfigurationList = 2B18E5C31C7CB3C200449B15 /* Build configuration list for PBXNativeTarget "GrabilityTests" */;
			buildPhases = (
				2B18E5A81C7CB3C200449B15 /* Sources */,
				2B18E5A91C7CB3C200449B15 /* Frameworks */,
				2B18E5AA1C7CB3C200449B15 /* Resources */,
			);
			buildRules = (
			);
			dependencies = (
				2B18E5AE1C7CB3C200449B15 /* PBXTargetDependency */,
			);
			name = GrabilityTests;
			productName = GrabilityTests;
			productReference = 2B18E5AC1C7CB3C200449B15 /* GrabilityTests.xctest */;
			productType = "com.apple.product-type.bundle.unit-test";
		};
		2B18E5B61C7CB3C200449B15 /* GrabilityUITests */ = {
			isa = PBXNativeTarget;
			buildConfigurationList = 2B18E5C61C7CB3C200449B15 /* Build configuration list for PBXNativeTarget "GrabilityUITests" */;
			buildPhases = (
				2B18E5B31C7CB3C200449B15 /* Sources */,
				2B18E5B41C7CB3C200449B15 /* Frameworks */,
				2B18E5B51C7CB3C200449B15 /* Resources */,
			);
			buildRules = (
			);
			dependencies = (
				2B18E5B91C7CB3C200449B15 /* PBXTargetDependency */,
			);
			name = GrabilityUITests;
			productName = GrabilityUITests;
			productReference = 2B18E5B71C7CB3C200449B15 /* GrabilityUITests.xctest */;
			productType = "com.apple.product-type.bundle.ui-testing";
		};
/* End PBXNativeTarget section */

/* Begin PBXProject section */
		2B18E58D1C7CB3C200449B15 /* Project object */ = {
			isa = PBXProject;
			attributes = {
				LastSwiftUpdateCheck = 0720;
				LastUpgradeCheck = 0720;
				ORGANIZATIONNAME = "Sergio Daniel Leztark";
				TargetAttributes = {
					2B18E5941C7CB3C200449B15 = {
						CreatedOnToolsVersion = 7.2.1;
						DevelopmentTeam = AQUE4FE98B;
					};
					2B18E5AB1C7CB3C200449B15 = {
						CreatedOnToolsVersion = 7.2.1;
						TestTargetID = 2B18E5941C7CB3C200449B15;
					};
					2B18E5B61C7CB3C200449B15 = {
						CreatedOnToolsVersion = 7.2.1;
						TestTargetID = 2B18E5941C7CB3C200449B15;
					};
				};
			};
			buildConfigurationList = 2B18E5901C7CB3C200449B15 /* Build configuration list for PBXProject "Grability" */;
			compatibilityVersion = "Xcode 3.2";
			developmentRegion = English;
			hasScannedForEncodings = 0;
			knownRegions = (
				en,
				Base,
			);
			mainGroup = 2B18E58C1C7CB3C100449B15;
			productRefGroup = 2B18E5961C7CB3C200449B15 /* Products */;
			projectDirPath = "";
			projectRoot = "";
			targets = (
				2B18E5941C7CB3C200449B15 /* Grability */,
				2B18E5AB1C7CB3C200449B15 /* GrabilityTests */,
				2B18E5B61C7CB3C200449B15 /* GrabilityUITests */,
			);
		};
/* End PBXProject section */

/* Begin PBXResourcesBuildPhase section */
		2B18E5931C7CB3C200449B15 /* Resources */ = {
			isa = PBXResourcesBuildPhase;
			buildActionMask = 2147483647;
			files = (
				2B18E5A61C7CB3C200449B15 /* LaunchScreen.storyboard in Resources */,
				2B18E5A31C7CB3C200449B15 /* Assets.xcassets in Resources */,
				2B18E59E1C7CB3C200449B15 /* Main.storyboard in Resources */,
			);
			runOnlyForDeploymentPostprocessing = 0;
		};
		2B18E5AA1C7CB3C200449B15 /* Resources */ = {
			isa = PBXResourcesBuildPhase;
			buildActionMask = 2147483647;
			files = (
			);
			runOnlyForDeploymentPostprocessing = 0;
		};
		2B18E5B51C7CB3C200449B15 /* Resources */ = {
			isa = PBXResourcesBuildPhase;
			buildActionMask = 2147483647;
			files = (
			);
			runOnlyForDeploymentPostprocessing = 0;
		};
/* End PBXResourcesBuildPhase section */

/* Begin PBXSourcesBuildPhase section */
		2B18E5911C7CB3C200449B15 /* Sources */ = {
			isa = PBXSourcesBuildPhase;
			buildActionMask = 2147483647;
			files = (
				2B18E59B1C7CB3C200449B15 /* ViewController.swift in Sources */,
				2B18E5991C7CB3C200449B15 /* AppDelegate.swift in Sources */,
				2B18E5A11C7CB3C200449B15 /* Grability.xcdatamodeld in Sources */,
			);
			runOnlyForDeploymentPostprocessing = 0;
		};
		2B18E5A81C7CB3C200449B15 /* Sources */ = {
			isa = PBXSourcesBuildPhase;
			buildActionMask = 2147483647;
			files = (
				2B18E5B11C7CB3C200449B15 /* GrabilityTests.swift in Sources */,
			);
			runOnlyForDeploymentPostprocessing = 0;
		};
		2B18E5B31C7CB3C200449B15 /* Sources */ = {
			isa = PBXSourcesBuildPhase;
			buildActionMask = 2147483647;
			files = (
				2B18E5BC1C7CB3C200449B15 /* GrabilityUITests.swift in Sources */,
			);
			runOnlyForDeploymentPostprocessing = 0;
		};
/* End PBXSourcesBuildPhase section */

/* Begin PBXTargetDependency section */
		2B18E5AE1C7CB3C200449B15 /* PBXTargetDependency */ = {
			isa = PBXTargetDependency;
			target = 2B18E5941C7CB3C200449B15 /* Grability */;
			targetProxy = 2B18E5AD1C7CB3C200449B15 /* PBXContainerItemProxy */;
		};
		2B18E5B91C7CB3C200449B15 /* PBXTargetDependency */ = {
			isa = PBXTargetDependency;
			target = 2B18E5941C7CB3C200449B15 /* Grability */;
			targetProxy = 2B18E5B81C7CB3C200449B15 /* PBXContainerItemProxy */;
		};
/* End PBXTargetDependency section */

/* Begin PBXVariantGroup section */
		2B18E59C1C7CB3C200449B15 /* Main.storyboard */ = {
			isa = PBXVariantGroup;
			children = (
				2B18E59D1C7CB3C200449B15 /* Base */,
			);
			name = Main.storyboard;
			sourceTree = "<group>";
		};
		2B18E5A41C7CB3C200449B15 /* LaunchScreen.storyboard */ = {
			isa = PBXVariantGroup;
			children = (
				2B18E5A51C7CB3C200449B15 /* Base */,
			);
			name = LaunchScreen.storyboard;
			sourceTree = "<group>";
		};
/* End PBXVariantGroup section */

/* Begin XCBuildConfiguration section */
		2B18E5BE1C7CB3C200449B15 /* Debug */ = {
			isa = XCBuildConfiguration;
			buildSettings = {
				ALWAYS_SEARCH_USER_PATHS = NO;
				CLANG_CXX_LANGUAGE_STANDARD = "gnu++0x";
				CLANG_CXX_LIBRARY = "libc++";
				CLANG_ENABLE_MODULES = YES;
				CLANG_ENABLE_OBJC_ARC = YES;
				CLANG_WARN_BOOL_CONVERSION = YES;
				CLANG_WARN_CONSTANT_CONVERSION = YES;
				CLANG_WARN_DIRECT_OBJC_ISA_USAGE = YES_ERROR;
				CLANG_WARN_EMPTY_BODY = YES;
				CLANG_WARN_ENUM_CONVERSION = YES;
				CLANG_WARN_INT_CONVERSION = YES;
				CLANG_WARN_OBJC_ROOT_CLASS = YES_ERROR;
				CLANG_WARN_UNREACHABLE_CODE = YES;
				CLANG_WARN__DUPLICATE_METHOD_MATCH = YES;
				"CODE_SIGN_IDENTITY[sdk=iphoneos*]" = "iPhone Developer";
				COPY_PHASE_STRIP = NO;
				DEBUG_INFORMATION_FORMAT = dwarf;
				ENABLE_STRICT_OBJC_MSGSEND = YES;
				ENABLE_TESTABILITY = YES;
				GCC_C_LANGUAGE_STANDARD = gnu99;
				GCC_DYNAMIC_NO_PIC = NO;
				GCC_NO_COMMON_BLOCKS = YES;
				GCC_OPTIMIZATION_LEVEL = 0;
				GCC_PREPROCESSOR_DEFINITIONS = (
					"DEBUG=1",
					"$(inherited)",
				);
				GCC_WARN_64_TO_32_BIT_CONVERSION = YES;
				GCC_WARN_ABOUT_RETURN_TYPE = YES_ERROR;
				GCC_WARN_UNDECLARED_SELECTOR = YES;
				GCC_WARN_UNINITIALIZED_AUTOS = YES_AGGRESSIVE;
				GCC_WARN_UNUSED_FUNCTION = YES;
				GCC_WARN_UNUSED_VARIABLE = YES;
				IPHONEOS_DEPLOYMENT_TARGET = 9.2;
				MTL_ENABLE_DEBUG_INFO = YES;
				ONLY_ACTIVE_ARCH = YES;
				SDKROOT = iphoneos;
				SWIFT_OPTIMIZATION_LEVEL = "-Onone";
				TARGETED_DEVICE_FAMILY = "1,2";
			};
			name = Debug;
		};
		2B18E5BF1C7CB3C200449B15 /* Release */ = {
			isa = XCBuildConfiguration;
			buildSettings = {
				ALWAYS_SEARCH_USER_PATHS = NO;
				CLANG_CXX_LANGUAGE_STANDARD = "gnu++0x";
				CLANG_CXX_LIBRARY = "libc++";
				CLANG_ENABLE_MODULES = YES;
				CLANG_ENABLE_OBJC_ARC = YES;
				CLANG_WARN_BOOL_CONVERSION = YES;
				CLANG_WARN_CONSTANT_CONVERSION = YES;
				CLANG_WARN_DIRECT_OBJC_ISA_USAGE = YES_ERROR;
				CLANG_WARN_EMPTY_BODY = YES;
				CLANG_WARN_ENUM_CONVERSION = YES;
				CLANG_WARN_INT_CONVERSION = YES;
				CLANG_WARN_OBJC_ROOT_CLASS = YES_ERROR;
				CLANG_WARN_UNREACHABLE_CODE = YES;
				CLANG_WARN__DUPLICATE_METHOD_MATCH = YES;
				"CODE_SIGN_IDENTITY[sdk=iphoneos*]" = "iPhone Developer";
				COPY_PHASE_STRIP = NO;
				DEBUG_INFORMATION_FORMAT = "dwarf-with-dsym";
				ENABLE_NS_ASSERTIONS = NO;
				ENABLE_STRICT_OBJC_MSGSEND = YES;
				GCC_C_LANGUAGE_STANDARD = gnu99;
				GCC_NO_COMMON_BLOCKS = YES;
				GCC_WARN_64_TO_32_BIT_CONVERSION = YES;
				GCC_WARN_ABOUT_RETURN_TYPE = YES_ERROR;
				GCC_WARN_UNDECLARED_SELECTOR = YES;
				GCC_WARN_UNINITIALIZED_AUTOS = YES_AGGRESSIVE;
				GCC_WARN_UNUSED_FUNCTION = YES;
				GCC_WARN_UNUSED_VARIABLE = YES;
				IPHONEOS_DEPLOYMENT_TARGET = 9.2;
				MTL_ENABLE_DEBUG_INFO = NO;
				SDKROOT = iphoneos;
				TARGETED_DEVICE_FAMILY = "1,2";
				VALIDATE_PRODUCT = YES;
			};
			name = Release;
		};
		2B18E5C11C7CB3C200449B15 /* Debug */ = {
			isa = XCBuildConfiguration;
			buildSettings = {
				ASSETCATALOG_COMPILER_APPICON_NAME = AppIcon;
				CODE_SIGN_IDENTITY = "iPhone Developer";
				"CODE_SIGN_IDENTITY[sdk=iphoneos*]" = "iPhone Developer";
				INFOPLIST_FILE = Grability/Info.plist;
				LD_RUNPATH_SEARCH_PATHS = "$(inherited) @executable_path/Frameworks";
				PRODUCT_BUNDLE_IDENTIFIER = co.zheref.Grability;
				PRODUCT_NAME = "$(TARGET_NAME)";
				PROVISIONING_PROFILE = "";
			};
			name = Debug;
		};
		2B18E5C21C7CB3C200449B15 /* Release */ = {
			isa = XCBuildConfiguration;
			buildSettings = {
				ASSETCATALOG_COMPILER_APPICON_NAME = AppIcon;
				CODE_SIGN_IDENTITY = "iPhone Developer";
				"CODE_SIGN_IDENTITY[sdk=iphoneos*]" = "iPhone Developer";
				INFOPLIST_FILE = Grability/Info.plist;
				LD_RUNPATH_SEARCH_PATHS = "$(inherited) @executable_path/Frameworks";
				PRODUCT_BUNDLE_IDENTIFIER = co.zheref.Grability;
				PRODUCT_NAME = "$(TARGET_NAME)";
				PROVISIONING_PROFILE = "";
			};
			name = Release;
		};
		2B18E5C41C7CB3C200449B15 /* Debug */ = {
			isa = XCBuildConfiguration;
			buildSettings = {
				BUNDLE_LOADER = "$(TEST_HOST)";
				INFOPLIST_FILE = GrabilityTests/Info.plist;
				LD_RUNPATH_SEARCH_PATHS = "$(inherited) @executable_path/Frameworks @loader_path/Frameworks";
				PRODUCT_BUNDLE_IDENTIFIER = co.zheref.GrabilityTests;
				PRODUCT_NAME = "$(TARGET_NAME)";
				TEST_HOST = "$(BUILT_PRODUCTS_DIR)/Grability.app/Grability";
			};
			name = Debug;
		};
		2B18E5C51C7CB3C200449B15 /* Release */ = {
			isa = XCBuildConfiguration;
			buildSettings = {
				BUNDLE_LOADER = "$(TEST_HOST)";
				INFOPLIST_FILE = GrabilityTests/Info.plist;
				LD_RUNPATH_SEARCH_PATHS = "$(inherited) @executable_path/Frameworks @loader_path/Frameworks";
				PRODUCT_BUNDLE_IDENTIFIER = co.zheref.GrabilityTests;
				PRODUCT_NAME = "$(TARGET_NAME)";
				TEST_HOST = "$(BUILT_PRODUCTS_DIR)/Grability.app/Grability";
			};
			name = Release;
		};
		2B18E5C71C7CB3C200449B15 /* Debug */ = {
			isa = XCBuildConfiguration;
			buildSettings = {
				INFOPLIST_FILE = GrabilityUITests/Info.plist;
				LD_RUNPATH_SEARCH_PATHS = "$(inherited) @executable_path/Frameworks @loader_path/Frameworks";
				PRODUCT_BUNDLE_IDENTIFIER = co.zheref.GrabilityUITests;
				PRODUCT_NAME = "$(TARGET_NAME)";
				TEST_TARGET_NAME = Grability;
				USES_XCTRUNNER = YES;
			};
			name = Debug;
		};
		2B18E5C81C7CB3C200449B15 /* Release */ = {
			isa = XCBuildConfiguration;
			buildSettings = {
				INFOPLIST_FILE = GrabilityUITests/Info.plist;
				LD_RUNPATH_SEARCH_PATHS = "$(inherited) @executable_path/Frameworks @loader_path/Frameworks";
				PRODUCT_BUNDLE_IDENTIFIER = co.zheref.GrabilityUITests;
				PRODUCT_NAME = "$(TARGET_NAME)";
				TEST_TARGET_NAME = Grability;
				USES_XCTRUNNER = YES;
			};
			name = Release;
		};
/* End XCBuildConfiguration section */

/* Begin XCConfigurationList section */
		2B18E5901C7CB3C200449B15 /* Build configuration list for PBXProject "Grability" */ = {
			isa = XCConfigurationList;
			buildConfigurations = (
				2B18E5BE1C7CB3C200449B15 /* Debug */,
				2B18E5BF1C7CB3C200449B15 /* Release */,
			);
			defaultConfigurationIsVisible = 0;
			defaultConfigurationName = Release;
		};
		2B18E5C01C7CB3C200449B15 /* Build configuration list for PBXNativeTarget "Grability" */ = {
			isa = XCConfigurationList;
			buildConfigurations = (
				2B18E5C11C7CB3C200449B15 /* Debug */,
				2B18E5C21C7CB3C200449B15 /* Release */,
			);
			defaultConfigurationIsVisible = 0;
			defaultConfigurationName = Release;
		};
		2B18E5C31C7CB3C200449B15 /* Build configuration list for PBXNativeTarget "GrabilityTests" */ = {
			isa = XCConfigurationList;
			buildConfigurations = (
				2B18E5C41C7CB3C200449B15 /* Debug */,
				2B18E5C51C7CB3C200449B15 /* Release */,
			);
			defaultConfigurationIsVisible = 0;
			defaultConfigurationName = Release;
		};
		2B18E5C61C7CB3C200449B15 /* Build configuration list for PBXNativeTarget "GrabilityUITests" */ = {
			isa = XCConfigurationList;
			buildConfigurations = (
				2B18E5C71C7CB3C200449B15 /* Debug */,
				2B18E5C81C7CB3C200449B15 /* Release */,
			);
			defaultConfigurationIsVisible = 0;
			defaultConfigurationName = Release;
		};
/* End XCConfigurationList section */

/* Begin XCVersionGroup section */
		2B18E59F1C7CB3C200449B15 /* Grability.xcdatamodeld */ = {
			isa = XCVersionGroup;
			children = (
				2B18E5A01C7CB3C200449B15 /* Grability.xcdatamodel */,
			);
			currentVersion = 2B18E5A01C7CB3C200449B15 /* Grability.xcdatamodel */;
			path = Grability.xcdatamodeld;
			sourceTree = "<group>";
			versionGroupType = wrapper.xcdatamodel;
		};
/* End XCVersionGroup section */
	};
	rootObject = 2B18E58D1C7CB3C200449B15 /* Project object */;
}
